
Microsoft Visual Studio Solution File, Format Version 12.00
# Visual Studio Version 17
VisualStudioVersion = 17.3.32929.385
MinimumVisualStudioVersion = 10.0.40219.1
Project("{FAE04EC0-301F-11D3-BF4B-00C04F79EFBC}") = "MathsClasses", "MathsClasses\MathsClasses.csproj", "{CA0A4B81-8E11-4A72-8D8B-D54306DBA7DD}"
EndProject
Global
	GlobalSection(SolutionConfigurationPlatforms) = preSolution
		Debug|Any CPU = Debug|Any CPU
		Release|Any CPU = Release|Any CPU
	EndGlobalSection
	GlobalSection(ProjectConfigurationPlatforms) = postSolution
		{CA0A4B81-8E11-4A72-8D8B-D54306DBA7DD}.Debug|Any CPU.ActiveCfg = Debug|Any CPU
		{CA0A4B81-8E11-4A72-8D8B-D54306DBA7DD}.Debug|Any CPU.Build.0 = Debug|Any CPU
		{CA0A4B81-8E11-4A72-8D8B-D54306DBA7DD}.Release|Any CPU.ActiveCfg = Release|Any CPU
		{CA0A4B81-8E11-4A72-8D8B-D54306DBA7DD}.Release|Any CPU.Build.0 = Release|Any CPU
	EndGlobalSection
	GlobalSection(SolutionProperties) = preSolution
		HideSolutionNode = FALSE
	EndGlobalSection
	GlobalSection(ExtensibilityGlobals) = postSolution
		SolutionGuid = {626027D9-AD66-43F1-93E9-95BF3D2895AB}
	EndGlobalSection
EndGlobal
